Microsoft Visual Studio Solution File, Format Version 12.00
# Visual Studio Version 17
VisualStudioVersion = 17.5.2.0
MinimumVisualStudioVersion = 10.0.40219.1
Project("{FAE04EC0-301F-11D3-BF4B-00C04F79EFBC}") = "Terminal", "Terminal\Terminal.csproj", "{74C13D75-E55F-5874-E50F-644AC7E26AC5}"
EndProject
Global
	GlobalSection(SolutionConfigurationPlatforms) = preSolution
		Debug|Any CPU = Debug|Any CPU
		Release|Any CPU = Release|Any CPU
	EndGlobalSection
	GlobalSection(ProjectConfigurationPlatforms) = postSolution
		{74C13D75-E55F-5874-E50F-644AC7E26AC5}.Debug|Any CPU.ActiveCfg = Debug|Any CPU
		{74C13D75-E55F-5874-E50F-644AC7E26AC5}.Debug|Any CPU.Build.0 = Debug|Any CPU
		{74C13D75-E55F-5874-E50F-644AC7E26AC5}.Release|Any CPU.ActiveCfg = Release|Any CPU
		{74C13D75-E55F-5874-E50F-644AC7E26AC5}.Release|Any CPU.Build.0 = Release|Any CPU
	EndGlobalSection
	GlobalSection(SolutionProperties) = preSolution
		HideSolutionNode = FALSE
	EndGlobalSection
	GlobalSection(ExtensibilityGlobals) = postSolution
		SolutionGuid = {DD5C78BC-C313-4337-B40B-97A62044201B}
	EndGlobalSection
EndGlobal
